
Microsoft Visual Studio Solution File, Format Version 12.00
# Visual Studio Version 16
VisualStudioVersion = 16.0.33801.447
MinimumVisualStudioVersion = 10.0.40219.1
Project("{8BC9CEB8-8B4A-11D0-8D11-00A0C91BC942}") = "LsMemory", "LsMemory\LsMemory.vcxproj", "{01E757D6-0574-489D-A145-D8EC43D7FEBE}"
EndProject
Global
	GlobalSection(SolutionConfigurationPlatforms) = preSolution
		Debug|ARM = Debug|ARM
		Debug|ARM64 = Debug|ARM64
		Debug|x64 = Debug|x64
		Debug|x86 = Debug|x86
		Release|ARM = Release|ARM
		Release|ARM64 = Release|ARM64
		Release|x64 = Release|x64
		Release|x86 = Release|x86
	EndGlobalSection
	GlobalSection(ProjectConfigurationPlatforms) = postSolution
		{01E757D6-0574-489D-A145-D8EC43D7FEBE}.Debug|ARM.ActiveCfg = Debug|ARM
		{01E757D6-0574-489D-A145-D8EC43D7FEBE}.Debug|ARM.Build.0 = Debug|ARM
		{01E757D6-0574-489D-A145-D8EC43D7FEBE}.Debug|ARM.Deploy.0 = Debug|ARM
		{01E757D6-0574-489D-A145-D8EC43D7FEBE}.Debug|ARM64.ActiveCfg = Debug|ARM64
		{01E757D6-0574-489D-A145-D8EC43D7FEBE}.Debug|ARM64.Build.0 = Debug|ARM64
		{01E757D6-0574-489D-A145-D8EC43D7FEBE}.Debug|ARM64.Deploy.0 = Debug|ARM64
		{01E757D6-0574-489D-A145-D8EC43D7FEBE}.Debug|x64.ActiveCfg = Debug|x64
		{01E757D6-0574-489D-A145-D8EC43D7FEBE}.Debug|x64.Build.0 = Debug|x64
		{01E757D6-0574-489D-A145-D8EC43D7FEBE}.Debug|x64.Deploy.0 = Debug|x64
		{01E757D6-0574-489D-A145-D8EC43D7FEBE}.Debug|x86.ActiveCfg = Debug|Win32
		{01E757D6-0574-489D-A145-D8EC43D7FEBE}.Debug|x86.Build.0 = Debug|Win32
		{01E757D6-0574-489D-A145-D8EC43D7FEBE}.Debug|x86.Deploy.0 = Debug|Win32
		{01E757D6-0574-489D-A145-D8EC43D7FEBE}.Release|ARM.ActiveCfg = Release|ARM
		{01E757D6-0574-489D-A145-D8EC43D7FEBE}.Release|ARM.Build.0 = Release|ARM
		{01E757D6-0574-489D-A145-D8EC43D7FEBE}.Release|ARM.Deploy.0 = Release|ARM
		{01E757D6-0574-489D-A145-D8EC43D7FEBE}.Release|ARM64.ActiveCfg = Release|ARM64
		{01E757D6-0574-489D-A145-D8EC43D7FEBE}.Release|ARM64.Build.0 = Release|ARM64
		{01E757D6-0574-489D-A145-D8EC43D7FEBE}.Release|ARM64.Deploy.0 = Release|ARM64
		{01E757D6-0574-489D-A145-D8EC43D7FEBE}.Release|x64.ActiveCfg = Release|x64
		{01E757D6-0574-489D-A145-D8EC43D7FEBE}.Release|x64.Build.0 = Release|x64
		{01E757D6-0574-489D-A145-D8EC43D7FEBE}.Release|x64.Deploy.0 = Release|x64
		{01E757D6-0574-489D-A145-D8EC43D7FEBE}.Release|x86.ActiveCfg = Release|Win32
		{01E757D6-0574-489D-A145-D8EC43D7FEBE}.Release|x86.Build.0 = Release|Win32
		{01E757D6-0574-489D-A145-D8EC43D7FEBE}.Release|x86.Deploy.0 = Release|Win32
	EndGlobalSection
	GlobalSection(SolutionProperties) = preSolution
		HideSolutionNode = FALSE
	EndGlobalSection
	GlobalSection(ExtensibilityGlobals) = postSolution
		SolutionGuid = {D6A8FD5D-DA93-4043-B032-40A7C6390A5A}
	EndGlobalSection
EndGlobal
